
Microsoft Visual Studio Solution File, Format Version 12.00
# Visual Studio Version 17
VisualStudioVersion = 17.11.35208.52
MinimumVisualStudioVersion = 10.0.40219.1
Project("{FAE04EC0-301F-11D3-BF4B-00C04F79EFBC}") = "SharpAdventure", "SharpAdventure\SharpAdventure.csproj", "{0CB894F6-49A4-4205-8293-A347685B1BC6}"
EndProject
Project("{FAE04EC0-301F-11D3-BF4B-00C04F79EFBC}") = "Engine", "Engine\Engine.csproj", "{1A86BC1F-3237-42F4-AF68-6F05BF340B9A}"
EndProject
Global
	GlobalSection(SolutionConfigurationPlatforms) = preSolution
		Debug|Any CPU = Debug|Any CPU
		Release|Any CPU = Release|Any CPU
	EndGlobalSection
	GlobalSection(ProjectConfigurationPlatforms) = postSolution
		{0CB894F6-49A4-4205-8293-A347685B1BC6}.Debug|Any CPU.ActiveCfg = Debug|Any CPU
		{0CB894F6-49A4-4205-8293-A347685B1BC6}.Debug|Any CPU.Build.0 = Debug|Any CPU
		{0CB894F6-49A4-4205-8293-A347685B1BC6}.Release|Any CPU.ActiveCfg = Release|Any CPU
		{0CB894F6-49A4-4205-8293-A347685B1BC6}.Release|Any CPU.Build.0 = Release|Any CPU
		{1A86BC1F-3237-42F4-AF68-6F05BF340B9A}.Debug|Any CPU.ActiveCfg = Debug|Any CPU
		{1A86BC1F-3237-42F4-AF68-6F05BF340B9A}.Debug|Any CPU.Build.0 = Debug|Any CPU
		{1A86BC1F-3237-42F4-AF68-6F05BF340B9A}.Release|Any CPU.ActiveCfg = Release|Any CPU
		{1A86BC1F-3237-42F4-AF68-6F05BF340B9A}.Release|Any CPU.Build.0 = Release|Any CPU
	EndGlobalSection
	GlobalSection(SolutionProperties) = preSolution
		HideSolutionNode = FALSE
	EndGlobalSection
	GlobalSection(ExtensibilityGlobals) = postSolution
		SolutionGuid = {12127760-E7C0-41B7-B768-4ACE73936C22}
	EndGlobalSection
EndGlobal
